
Microsoft Visual Studio Solution File, Format Version 12.00
# Visual Studio Version 16
VisualStudioVersion = 16.0.29709.97
MinimumVisualStudioVersion = 10.0.40219.1
Project("{FAE04EC0-301F-11D3-BF4B-00C04F79EFBC}") = "zlib-util", "zlib-util\zlib-util.csproj", "{F8362BDE-D4E7-4A0A-ADA2-AC77CB00BC66}"
EndProject
Global
	GlobalSection(SolutionConfigurationPlatforms) = preSolution
		Debug|Any CPU = Debug|Any CPU
		Release|Any CPU = Release|Any CPU
	EndGlobalSection
	GlobalSection(ProjectConfigurationPlatforms) = postSolution
		{F8362BDE-D4E7-4A0A-ADA2-AC77CB00BC66}.Debug|Any CPU.ActiveCfg = Debug|Any CPU
		{F8362BDE-D4E7-4A0A-ADA2-AC77CB00BC66}.Debug|Any CPU.Build.0 = Debug|Any CPU
		{F8362BDE-D4E7-4A0A-ADA2-AC77CB00BC66}.Release|Any CPU.ActiveCfg = Release|Any CPU
		{F8362BDE-D4E7-4A0A-ADA2-AC77CB00BC66}.Release|Any CPU.Build.0 = Release|Any CPU
	EndGlobalSection
	GlobalSection(SolutionProperties) = preSolution
		HideSolutionNode = FALSE
	EndGlobalSection
	GlobalSection(ExtensibilityGlobals) = postSolution
		SolutionGuid = {AE1B6CC7-88AB-41CC-885A-DB9BAAA01558}
	EndGlobalSection
EndGlobal
